
Microsoft Visual Studio Solution File, Format Version 12.00
# Visual Studio Version 16
VisualStudioVersion = 16.0.31727.386
MinimumVisualStudioVersion = 10.0.40219.1
Project("{FAE04EC0-301F-11D3-BF4B-00C04F79EFBC}") = "Notatnik użytkowników", "Notatnik użytkowników\Notatnik użytkowników.csproj", "{60A3E62E-84E1-44C4-8A35-5F7F8F007289}"
EndProject
Global
	GlobalSection(SolutionConfigurationPlatforms) = preSolution
		Debug|Any CPU = Debug|Any CPU
		Release|Any CPU = Release|Any CPU
	EndGlobalSection
	GlobalSection(ProjectConfigurationPlatforms) = postSolution
		{60A3E62E-84E1-44C4-8A35-5F7F8F007289}.Debug|Any CPU.ActiveCfg = Debug|Any CPU
		{60A3E62E-84E1-44C4-8A35-5F7F8F007289}.Debug|Any CPU.Build.0 = Debug|Any CPU
		{60A3E62E-84E1-44C4-8A35-5F7F8F007289}.Release|Any CPU.ActiveCfg = Release|Any CPU
		{60A3E62E-84E1-44C4-8A35-5F7F8F007289}.Release|Any CPU.Build.0 = Release|Any CPU
	EndGlobalSection
	GlobalSection(SolutionProperties) = preSolution
		HideSolutionNode = FALSE
	EndGlobalSection
	GlobalSection(ExtensibilityGlobals) = postSolution
		SolutionGuid = {27988765-8C5F-46C1-A0A7-673E72FFA77B}
	EndGlobalSection
EndGlobal
